// !$*UTF8*$!
{
	archiveVersion = 1;
	classes = {
	};
	objectVersion = 46;
	objects = {

/* Begin PBXBuildFile section */
		9D8BB8F81C85BA2400B5DA42 /* AppDelegate.swift in Sources */ = {isa = PBXBuildFile; fileRef = 9D8BB8F71C85BA2400B5DA42 /* AppDelegate.swift */; };
		9D8BB8FA1C85BA2400B5DA42 /* ViewController.swift in Sources */ = {isa = PBXBuildFile; fileRef = 9D8BB8F91C85BA2400B5DA42 /* ViewController.swift */; };
		9D8BB8FD1C85BA2400B5DA42 /* Main.storyboard in Resources */ = {isa = PBXBuildFile; fileRef = 9D8BB8FB1C85BA2400B5DA42 /* Main.storyboard */; };
		9D8BB8FF1C85BA2400B5DA42 /* Assets.xcassets in Resources */ = {isa = PBXBuildFile; fileRef = 9D8BB8FE1C85BA2400B5DA42 /* Assets.xcassets */; };
		9D8BB9021C85BA2400B5DA42 /* LaunchScreen.storyboard in Resources */ = {isa = PBXBuildFile; fileRef = 9D8BB9001C85BA2400B5DA42 /* LaunchScreen.storyboard */; };
		9D8BB90D1C85BA2500B5DA42 /* DynamicTableViewCellHeightTests.swift in Sources */ = {isa = PBXBuildFile; fileRef = 9D8BB90C1C85BA2500B5DA42 /* DynamicTableViewCellHeightTests.swift */; };
		9D8BB9181C85BA2500B5DA42 /* DynamicTableViewCellHeightUITests.swift in Sources */ = {isa = PBXBuildFile; fileRef = 9D8BB9171C85BA2500B5DA42 /* DynamicTableViewCellHeightUITests.swift */; };
/* End PBXBuildFile section */

/* Begin PBXContainerItemProxy section */
		9D8BB9091C85BA2500B5DA42 /* PBXContainerItemProxy */ = {
			isa = PBXContainerItemProxy;
			containerPortal = 9D8BB8EC1C85BA2400B5DA42 /* Project object */;
			proxyType = 1;
			remoteGlobalIDString = 9D8BB8F31C85BA2400B5DA42;
			remoteInfo = DynamicTableViewCellHeight;
		};
		9D8BB9141C85BA2500B5DA42 /* PBXContainerItemProxy */ = {
			isa = PBXContainerItemProxy;
			containerPortal = 9D8BB8EC1C85BA2400B5DA42 /* Project object */;
			proxyType = 1;
			remoteGlobalIDString = 9D8BB8F31C85BA2400B5DA42;
			remoteInfo = DynamicTableViewCellHeight;
		};
/* End PBXContainerItemProxy section */

/* Begin PBXFileReference section */
		9D8BB8F41C85BA2400B5DA42 /* DynamicTableViewCellHeight.app */ = {isa = PBXFileReference; explicitFileType = wrapper.application; includeInIndex = 0; path = DynamicTableViewCellHeight.app; sourceTree = BUILT_PRODUCTS_DIR; };
		9D8BB8F71C85BA2400B5DA42 /* AppDelegate.swift */ = {isa = PBXFileReference; lastKnownFileType = sourcecode.swift; path = AppDelegate.swift; sourceTree = "<group>"; };
		9D8BB8F91C85BA2400B5DA42 /* ViewController.swift */ = {isa = PBXFileReference; lastKnownFileType = sourcecode.swift; path = ViewController.swift; sourceTree = "<group>"; };
		9D8BB8FC1C85BA2400B5DA42 /* Base */ = {isa = PBXFileReference; lastKnownFileType = file.storyboard; name = Base; path = Base.lproj/Main.storyboard; sourceTree = "<group>"; };
		9D8BB8FE1C85BA2400B5DA42 /* Assets.xcassets */ = {isa = PBXFileReference; lastKnownFileType = folder.assetcatalog; path = Assets.xcassets; sourceTree = "<group>"; };
		9D8BB9011C85BA2400B5DA42 /* Base */ = {isa = PBXFileReference; lastKnownFileType = file.storyboard; name = Base; path = Base.lproj/LaunchScreen.storyboard; sourceTree = "<group>"; };
		9D8BB9031C85BA2400B5DA42 /* Info.plist */ = {isa = PBXFileReference; lastKnownFileType = text.plist.xml; path = Info.plist; sourceTree = "<group>"; };
		9D8BB9081C85BA2500B5DA42 /* DynamicTableViewCellHeightTests.xctest */ = {isa = PBXFileReference; explicitFileType = wrapper.cfbundle; includeInIndex = 0; path = DynamicTableViewCellHeightTests.xctest; sourceTree = BUILT_PRODUCTS_DIR; };
		9D8BB90C1C85BA2500B5DA42 /* DynamicTableViewCellHeightTests.swift */ = {isa = PBXFileReference; lastKnownFileType = sourcecode.swift; path = DynamicTableViewCellHeightTests.swift; sourceTree = "<group>"; };
		9D8BB90E1C85BA2500B5DA42 /* Info.plist */ = {isa = PBXFileReference; lastKnownFileType = text.plist.xml; path = Info.plist; sourceTree = "<group>"; };
		9D8BB9131C85BA2500B5DA42 /* DynamicTableViewCellHeightUITests.xctest */ = {isa = PBXFileReference; explicitFileType = wrapper.cfbundle; includeInIndex = 0; path = DynamicTableViewCellHeightUITests.xctest; sourceTree = BUILT_PRODUCTS_DIR; };
		9D8BB9171C85BA2500B5DA42 /* DynamicTableViewCellHeightUITests.swift */ = {isa = PBXFileReference; lastKnownFileType = sourcecode.swift; path = DynamicTableViewCellHeightUITests.swift; sourceTree = "<group>"; };
		9D8BB9191C85BA2500B5DA42 /* Info.plist */ = {isa = PBXFileReference; lastKnownFileType = text.plist.xml; path = Info.plist; sourceTree = "<group>"; };
/* End PBXFileReference section */

/* Begin PBXFrameworksBuildPhase section */
		9D8BB8F11C85BA2400B5DA42 /* Frameworks */ = {
			isa = PBXFrameworksBuildPhase;
			buildActionMask = 2147483647;
			files = (
			);
			runOnlyForDeploymentPostprocessing = 0;
		};
		9D8BB9051C85BA2500B5DA42 /* Frameworks */ = {
			isa = PBXFrameworksBuildPhase;
			buildActionMask = 2147483647;
			files = (
			);
			runOnlyForDeploymentPostprocessing = 0;
		};
		9D8BB9101C85BA2500B5DA42 /* Frameworks */ = {
			isa = PBXFrameworksBuildPhase;
			buildActionMask = 2147483647;
			files = (
			);
			runOnlyForDeploymentPostprocessing = 0;
		};
/* End PBXFrameworksBuildPhase section */

/* Begin PBXGroup section */
		9D8BB8EB1C85BA2400B5DA42 = {
			isa = PBXGroup;
			children = (
				9D8BB8F61C85BA2400B5DA42 /* DynamicTableViewCellHeight */,
				9D8BB90B1C85BA2500B5DA42 /* DynamicTableViewCellHeightTests */,
				9D8BB9161C85BA2500B5DA42 /* DynamicTableViewCellHeightUITests */,
				9D8BB8F51C85BA2400B5DA42 /* Products */,
			);
			sourceTree = "<group>";
		};
		9D8BB8F51C85BA2400B5DA42 /* Products */ = {
			isa = PBXGroup;
			children = (
				9D8BB8F41C85BA2400B5DA42 /* DynamicTableViewCellHeight.app */,
				9D8BB9081C85BA2500B5DA42 /* DynamicTableViewCellHeightTests.xctest */,
				9D8BB9131C85BA2500B5DA42 /* DynamicTableViewCellHeightUITests.xctest */,
			);
			name = Products;
			sourceTree = "<group>";
		};
		9D8BB8F61C85BA2400B5DA42 /* DynamicTableViewCellHeight */ = {
			isa = PBXGroup;
			children = (
				9D8BB8F71C85BA2400B5DA42 /* AppDelegate.swift */,
				9D8BB8F91C85BA2400B5DA42 /* ViewController.swift */,
				9D8BB8FB1C85BA2400B5DA42 /* Main.storyboard */,
				9D8BB8FE1C85BA2400B5DA42 /* Assets.xcassets */,
				9D8BB9001C85BA2400B5DA42 /* LaunchScreen.storyboard */,
				9D8BB9031C85BA2400B5DA42 /* Info.plist */,
			);
			path = DynamicTableViewCellHeight;
			sourceTree = "<group>";
		};
		9D8BB90B1C85BA2500B5DA42 /* DynamicTableViewCellHeightTests */ = {
			isa = PBXGroup;
			children = (
				9D8BB90C1C85BA2500B5DA42 /* DynamicTableViewCellHeightTests.swift */,
				9D8BB90E1C85BA2500B5DA42 /* Info.plist */,
			);
			path = DynamicTableViewCellHeightTests;
			sourceTree = "<group>";
		};
		9D8BB9161C85BA2500B5DA42 /* DynamicTableViewCellHeightUITests */ = {
			isa = PBXGroup;
			children = (
				9D8BB9171C85BA2500B5DA42 /* DynamicTableViewCellHeightUITests.swift */,
				9D8BB9191C85BA2500B5DA42 /* Info.plist */,
			);
			path = DynamicTableViewCellHeightUITests;
			sourceTree = "<group>";
		};
/* End PBXGroup section */

/* Begin PBXNativeTarget section */
		9D8BB8F31C85BA2400B5DA42 /* DynamicTableViewCellHeight */ = {
			isa = PBXNativeTarget;
			buildConfigurationList = 9D8BB91C1C85BA2500B5DA42 /* Build configuration list for PBXNativeTarget "DynamicTableViewCellHeight" */;
			buildPhases = (
				9D8BB8F01C85BA2400B5DA42 /* Sources */,
				9D8BB8F11C85BA2400B5DA42 /* Frameworks */,
				9D8BB8F21C85BA2400B5DA42 /* Resources */,
			);
			buildRules = (
			);
			dependencies = (
			);
			name = DynamicTableViewCellHeight;
			productName = DynamicTableViewCellHeight;
			productReference = 9D8BB8F41C85BA2400B5DA42 /* DynamicTableViewCellHeight.app */;
			productType = "com.apple.product-type.application";
		};
		9D8BB9071C85BA2500B5DA42 /* DynamicTableViewCellHeightTests */ = {
			isa = PBXNativeTarget;
			buildConfigurationList = 9D8BB91F1C85BA2500B5DA42 /* Build configuration list for PBXNativeTarget "DynamicTableViewCellHeightTests" */;
			buildPhases = (
				9D8BB9041C85BA2500B5DA42 /* Sources */,
				9D8BB9051C85BA2500B5DA42 /* Frameworks */,
				9D8BB9061C85BA2500B5DA42 /* Resources */,
			);
			buildRules = (
			);
			dependencies = (
				9D8BB90A1C85BA2500B5DA42 /* PBXTargetDependency */,
			);
			name = DynamicTableViewCellHeightTests;
			productName = DynamicTableViewCellHeightTests;
			productReference = 9D8BB9081C85BA2500B5DA42 /* DynamicTableViewCellHeightTests.xctest */;
			productType = "com.apple.product-type.bundle.unit-test";
		};
		9D8BB9121C85BA2500B5DA42 /* DynamicTableViewCellHeightUITests */ = {
			isa = PBXNativeTarget;
			buildConfigurationList = 9D8BB9221C85BA2500B5DA42 /* Build configuration list for PBXNativeTarget "DynamicTableViewCellHeightUITests" */;
			buildPhases = (
				9D8BB90F1C85BA2500B5DA42 /* Sources */,
				9D8BB9101C85BA2500B5DA42 /* Frameworks */,
				9D8BB9111C85BA2500B5DA42 /* Resources */,
			);
			buildRules = (
			);
			dependencies = (
				9D8BB9151C85BA2500B5DA42 /* PBXTargetDependency */,
			);
			name = DynamicTableViewCellHeightUITests;
			productName = DynamicTableViewCellHeightUITests;
			productReference = 9D8BB9131C85BA2500B5DA42 /* DynamicTableViewCellHeightUITests.xctest */;
			productType = "com.apple.product-type.bundle.ui-testing";
		};
/* End PBXNativeTarget section */

/* Begin PBXProject section */
		9D8BB8EC1C85BA2400B5DA42 /* Project object */ = {
			isa = PBXProject;
			attributes = {
				LastSwiftUpdateCheck = 0720;
				LastUpgradeCheck = 0720;
				ORGANIZATIONNAME = Madan;
				TargetAttributes = {
					9D8BB8F31C85BA2400B5DA42 = {
						CreatedOnToolsVersion = 7.2;
					};
					9D8BB9071C85BA2500B5DA42 = {
						CreatedOnToolsVersion = 7.2;
						TestTargetID = 9D8BB8F31C85BA2400B5DA42;
					};
					9D8BB9121C85BA2500B5DA42 = {
						CreatedOnToolsVersion = 7.2;
						TestTargetID = 9D8BB8F31C85BA2400B5DA42;
					};
				};
			};
			buildConfigurationList = 9D8BB8EF1C85BA2400B5DA42 /* Build configuration list for PBXProject "DynamicTableViewCellHeight" */;
			compatibilityVersion = "Xcode 3.2";
			developmentRegion = English;
			hasScannedForEncodings = 0;
			knownRegions = (
				en,
				Base,
			);
			mainGroup = 9D8BB8EB1C85BA2400B5DA42;
			productRefGroup = 9D8BB8F51C85BA2400B5DA42 /* Products */;
			projectDirPath = "";
			projectRoot = "";
			targets = (
				9D8BB8F31C85BA2400B5DA42 /* DynamicTableViewCellHeight */,
				9D8BB9071C85BA2500B5DA42 /* DynamicTableViewCellHeightTests */,
				9D8BB9121C85BA2500B5DA42 /* DynamicTableViewCellHeightUITests */,
			);
		};
/* End PBXProject section */

/* Begin PBXResourcesBuildPhase section */
		9D8BB8F21C85BA2400B5DA42 /* Resources */ = {
			isa = PBXResourcesBuildPhase;
			buildActionMask = 2147483647;
			files = (
				9D8BB9021C85BA2400B5DA42 /* LaunchScreen.storyboard in Resources */,
				9D8BB8FF1C85BA2400B5DA42 /* Assets.xcassets in Resources */,
				9D8BB8FD1C85BA2400B5DA42 /* Main.storyboard in Resources */,
			);
			runOnlyForDeploymentPostprocessing = 0;
		};
		9D8BB9061C85BA2500B5DA42 /* Resources */ = {
			isa = PBXResourcesBuildPhase;
			buildActionMask = 2147483647;
			files = (
			);
			runOnlyForDeploymentPostprocessing = 0;
		};
		9D8BB9111C85BA2500B5DA42 /* Resources */ = {
			isa = PBXResourcesBuildPhase;
			buildActionMask = 2147483647;
			files = (
			);
			runOnlyForDeploymentPostprocessing = 0;
		};
/* End PBXResourcesBuildPhase section */

/* Begin PBXSourcesBuildPhase section */
		9D8BB8F01C85BA2400B5DA42 /* Sources */ = {
			isa = PBXSourcesBuildPhase;
			buildActionMask = 2147483647;
			files = (
				9D8BB8FA1C85BA2400B5DA42 /* ViewController.swift in Sources */,
				9D8BB8F81C85BA2400B5DA42 /* AppDelegate.swift in Sources */,
			);
			runOnlyForDeploymentPostprocessing = 0;
		};
		9D8BB9041C85BA2500B5DA42 /* Sources */ = {
			isa = PBXSourcesBuildPhase;
			buildActionMask = 2147483647;
			files = (
				9D8BB90D1C85BA2500B5DA42 /* DynamicTableViewCellHeightTests.swift in Sources */,
			);
			runOnlyForDeploymentPostprocessing = 0;
		};
		9D8BB90F1C85BA2500B5DA42 /* Sources */ = {
			isa = PBXSourcesBuildPhase;
			buildActionMask = 2147483647;
			files = (
				9D8BB9181C85BA2500B5DA42 /* DynamicTableViewCellHeightUITests.swift in Sources */,
			);
			runOnlyForDeploymentPostprocessing = 0;
		};
/* End PBXSourcesBuildPhase section */

/* Begin PBXTargetDependency section */
		9D8BB90A1C85BA2500B5DA42 /* PBXTargetDependency */ = {
			isa = PBXTargetDependency;
			target = 9D8BB8F31C85BA2400B5DA42 /* DynamicTableViewCellHeight */;
			targetProxy = 9D8BB9091C85BA2500B5DA42 /* PBXContainerItemProxy */;
		};
		9D8BB9151C85BA2500B5DA42 /* PBXTargetDependency */ = {
			isa = PBXTargetDependency;
			target = 9D8BB8F31C85BA2400B5DA42 /* DynamicTableViewCellHeight */;
			targetProxy = 9D8BB9141C85BA2500B5DA42 /* PBXContainerItemProxy */;
		};
/* End PBXTargetDependency section */

/* Begin PBXVariantGroup section */
		9D8BB8FB1C85BA2400B5DA42 /* Main.storyboard */ = {
			isa = PBXVariantGroup;
			children = (
				9D8BB8FC1C85BA2400B5DA42 /* Base */,
			);
			name = Main.storyboard;
			sourceTree = "<group>";
		};
		9D8BB9001C85BA2400B5DA42 /* LaunchScreen.storyboard */ = {
			isa = PBXVariantGroup;
			children = (
				9D8BB9011C85BA2400B5DA42 /* Base */,
			);
			name = LaunchScreen.storyboard;
			sourceTree = "<group>";
		};
/* End PBXVariantGroup section */

/* Begin XCBuildConfiguration section */
		9D8BB91A1C85BA2500B5DA42 /* Debug */ = {
			isa = XCBuildConfiguration;
			buildSettings = {
				ALWAYS_SEARCH_USER_PATHS = NO;
				CLANG_CXX_LANGUAGE_STANDARD = "gnu++0x";
				CLANG_CXX_LIBRARY = "libc++";
				CLANG_ENABLE_MODULES = YES;
				CLANG_ENABLE_OBJC_ARC = YES;
				CLANG_WARN_BOOL_CONVERSION = YES;
				CLANG_WARN_CONSTANT_CONVERSION = YES;
				CLANG_WARN_DIRECT_OBJC_ISA_USAGE = YES_ERROR;
				CLANG_WARN_EMPTY_BODY = YES;
				CLANG_WARN_ENUM_CONVERSION = YES;
				CLANG_WARN_INT_CONVERSION = YES;
				CLANG_WARN_OBJC_ROOT_CLASS = YES_ERROR;
				CLANG_WARN_UNREACHABLE_CODE = YES;
				CLANG_WARN__DUPLICATE_METHOD_MATCH = YES;
				"CODE_SIGN_IDENTITY[sdk=iphoneos*]" = "iPhone Developer";
				COPY_PHASE_STRIP = NO;
				DEBUG_INFORMATION_FORMAT = dwarf;
				ENABLE_STRICT_OBJC_MSGSEND = YES;
				ENABLE_TESTABILITY = YES;
				GCC_C_LANGUAGE_STANDARD = gnu99;
				GCC_DYNAMIC_NO_PIC = NO;
				GCC_NO_COMMON_BLOCKS = YES;
				GCC_OPTIMIZATION_LEVEL = 0;
				GCC_PREPROCESSOR_DEFINITIONS = (
					"DEBUG=1",
					"$(inherited)",
				);
				GCC_WARN_64_TO_32_BIT_CONVERSION = YES;
				GCC_WARN_ABOUT_RETURN_TYPE = YES_ERROR;
				GCC_WARN_UNDECLARED_SELECTOR = YES;
				GCC_WARN_UNINITIALIZED_AUTOS = YES_AGGRESSIVE;
				GCC_WARN_UNUSED_FUNCTION = YES;
				GCC_WARN_UNUSED_VARIABLE = YES;
				IPHONEOS_DEPLOYMENT_TARGET = 9.2;
				MTL_ENABLE_DEBUG_INFO = YES;
				ONLY_ACTIVE_ARCH = YES;
				SDKROOT = iphoneos;
				SWIFT_OPTIMIZATION_LEVEL = "-Onone";
				TARGETED_DEVICE_FAMILY = "1,2";
			};
			name = Debug;
		};
		9D8BB91B1C85BA2500B5DA42 /* Release */ = {
			isa = XCBuildConfiguration;
			buildSettings = {
				ALWAYS_SEARCH_USER_PATHS = NO;
				CLANG_CXX_LANGUAGE_STANDARD = "gnu++0x";
				CLANG_CXX_LIBRARY = "libc++";
				CLANG_ENABLE_MODULES = YES;
				CLANG_ENABLE_OBJC_ARC = YES;
				CLANG_WARN_BOOL_CONVERSION = YES;
				CLANG_WARN_CONSTANT_CONVERSION = YES;
				CLANG_WARN_DIRECT_OBJC_ISA_USAGE = YES_ERROR;
				CLANG_WARN_EMPTY_BODY = YES;
				CLANG_WARN_ENUM_CONVERSION = YES;
				CLANG_WARN_INT_CONVERSION = YES;
				CLANG_WARN_OBJC_ROOT_CLASS = YES_ERROR;
				CLANG_WARN_UNREACHABLE_CODE = YES;
				CLANG_WARN__DUPLICATE_METHOD_MATCH = YES;
				"CODE_SIGN_IDENTITY[sdk=iphoneos*]" = "iPhone Developer";
				COPY_PHASE_STRIP = NO;
				DEBUG_INFORMATION_FORMAT = "dwarf-with-dsym";
				ENABLE_NS_ASSERTIONS = NO;
				ENABLE_STRICT_OBJC_MSGSEND = YES;
				GCC_C_LANGUAGE_STANDARD = gnu99;
				GCC_NO_COMMON_BLOCKS = YES;
				GCC_WARN_64_TO_32_BIT_CONVERSION = YES;
				GCC_WARN_ABOUT_RETURN_TYPE = YES_ERROR;
				GCC_WARN_UNDECLARED_SELECTOR = YES;
				GCC_WARN_UNINITIALIZED_AUTOS = YES_AGGRESSIVE;
				GCC_WARN_UNUSED_FUNCTION = YES;
				GCC_WARN_UNUSED_VARIABLE = YES;
				IPHONEOS_DEPLOYMENT_TARGET = 9.2;
				MTL_ENABLE_DEBUG_INFO = NO;
				SDKROOT = iphoneos;
				TARGETED_DEVICE_FAMILY = "1,2";
				VALIDATE_PRODUCT = YES;
			};
			name = Release;
		};
		9D8BB91D1C85BA2500B5DA42 /* Debug */ = {
			isa = XCBuildConfiguration;
			buildSettings = {
				ASSETCATALOG_COMPILER_APPICON_NAME = AppIcon;
				INFOPLIST_FILE = DynamicTableViewCellHeight/Info.plist;
				LD_RUNPATH_SEARCH_PATHS = "$(inherited) @executable_path/Frameworks";
				PRODUCT_BUNDLE_IDENTIFIER = com.madan.DynamicTableViewCellHeight;
				PRODUCT_NAME = "$(TARGET_NAME)";
			};
			name = Debug;
		};
		9D8BB91E1C85BA2500B5DA42 /* Release */ = {
			isa = XCBuildConfiguration;
			buildSettings = {
				ASSETCATALOG_COMPILER_APPICON_NAME = AppIcon;
				INFOPLIST_FILE = DynamicTableViewCellHeight/Info.plist;
				LD_RUNPATH_SEARCH_PATHS = "$(inherited) @executable_path/Frameworks";
				PRODUCT_BUNDLE_IDENTIFIER = com.madan.DynamicTableViewCellHeight;
				PRODUCT_NAME = "$(TARGET_NAME)";
			};
			name = Release;
		};
		9D8BB9201C85BA2500B5DA42 /* Debug */ = {
			isa = XCBuildConfiguration;
			buildSettings = {
				BUNDLE_LOADER = "$(TEST_HOST)";
				INFOPLIST_FILE = DynamicTableViewCellHeightTests/Info.plist;
				LD_RUNPATH_SEARCH_PATHS = "$(inherited) @executable_path/Frameworks @loader_path/Frameworks";
				PRODUCT_BUNDLE_IDENTIFIER = com.madan.DynamicTableViewCellHeightTests;
				PRODUCT_NAME = "$(TARGET_NAME)";
				TEST_HOST = "$(BUILT_PRODUCTS_DIR)/DynamicTableViewCellHeight.app/DynamicTableViewCellHeight";
			};
			name = Debug;
		};
		9D8BB9211C85BA2500B5DA42 /* Release */ = {
			isa = XCBuildConfiguration;
			buildSettings = {
				BUNDLE_LOADER = "$(TEST_HOST)";
				INFOPLIST_FILE = DynamicTableViewCellHeightTests/Info.plist;
				LD_RUNPATH_SEARCH_PATHS = "$(inherited) @executable_path/Frameworks @loader_path/Frameworks";
				PRODUCT_BUNDLE_IDENTIFIER = com.madan.DynamicTableViewCellHeightTests;
				PRODUCT_NAME = "$(TARGET_NAME)";
				TEST_HOST = "$(BUILT_PRODUCTS_DIR)/DynamicTableViewCellHeight.app/DynamicTableViewCellHeight";
			};
			name = Release;
		};
		9D8BB9231C85BA2500B5DA42 /* Debug */ = {
			isa = XCBuildConfiguration;
			buildSettings = {
				INFOPLIST_FILE = DynamicTableViewCellHeightUITests/Info.plist;
				LD_RUNPATH_SEARCH_PATHS = "$(inherited) @executable_path/Frameworks @loader_path/Frameworks";
				PRODUCT_BUNDLE_IDENTIFIER = com.madan.DynamicTableViewCellHeightUITests;
				PRODUCT_NAME = "$(TARGET_NAME)";
				TEST_TARGET_NAME = DynamicTableViewCellHeight;
				USES_XCTRUNNER = YES;
			};
			name = Debug;
		};
		9D8BB9241C85BA2500B5DA42 /* Release */ = {
			isa = XCBuildConfiguration;
			buildSettings = {
				INFOPLIST_FILE = DynamicTableViewCellHeightUITests/Info.plist;
				LD_RUNPATH_SEARCH_PATHS = "$(inherited) @executable_path/Frameworks @loader_path/Frameworks";
				PRODUCT_BUNDLE_IDENTIFIER = com.madan.DynamicTableViewCellHeightUITests;
				PRODUCT_NAME = "$(TARGET_NAME)";
				TEST_TARGET_NAME = DynamicTableViewCellHeight;
				USES_XCTRUNNER = YES;
			};
			name = Release;
		};
/* End XCBuildConfiguration section */

/* Begin XCConfigurationList section */
		9D8BB8EF1C85BA2400B5DA42 /* Build configuration list for PBXProject "DynamicTableViewCellHeight" */ = {
			isa = XCConfigurationList;
			buildConfigurations = (
				9D8BB91A1C85BA2500B5DA42 /* Debug */,
				9D8BB91B1C85BA2500B5DA42 /* Release */,
			);
			defaultConfigurationIsVisible = 0;
			defaultConfigurationName = Release;
		};
		9D8BB91C1C85BA2500B5DA42 /* Build configuration list for PBXNativeTarget "DynamicTableViewCellHeight" */ = {
			isa = XCConfigurationList;
			buildConfigurations = (
				9D8BB91D1C85BA2500B5DA42 /* Debug */,
				9D8BB91E1C85BA2500B5DA42 /* Release */,
			);
			defaultConfigurationIsVisible = 0;
		};
		9D8BB91F1C85BA2500B5DA42 /* Build configuration list for PBXNativeTarget "DynamicTableViewCellHeightTests" */ = {
			isa = XCConfigurationList;
			buildConfigurations = (
				9D8BB9201C85BA2500B5DA42 /* Debug */,
				9D8BB9211C85BA2500B5DA42 /* Release */,
			);
			defaultConfigurationIsVisible = 0;
		};
		9D8BB9221C85BA2500B5DA42 /* Build configuration list for PBXNativeTarget "DynamicTableViewCellHeightUITests" */ = {
			isa = XCConfigurationList;
			buildConfigurations = (
				9D8BB9231C85BA2500B5DA42 /* Debug */,
				9D8BB9241C85BA2500B5DA42 /* Release */,
			);
			defaultConfigurationIsVisible = 0;
		};
/* End XCConfigurationList section */
	};
	rootObject = 9D8BB8EC1C85BA2400B5DA42 /* Project object */;
}
